
Microsoft Visual Studio Solution File, Format Version 12.00
# Visual Studio Version 17
VisualStudioVersion = 17.1.32421.90
MinimumVisualStudioVersion = 10.0.40219.1
Project("{FAE04EC0-301F-11D3-BF4B-00C04F79EFBC}") = "AvailableStock", "AvailableStock\AvailableStock.csproj", "{32004BCB-302A-402A-B05B-E95669DC2AB4}"
EndProject
Global
	GlobalSection(SolutionConfigurationPlatforms) = preSolution
		Debug|Any CPU = Debug|Any CPU
		Release|Any CPU = Release|Any CPU
	EndGlobalSection
	GlobalSection(ProjectConfigurationPlatforms) = postSolution
		{32004BCB-302A-402A-B05B-E95669DC2AB4}.Debug|Any CPU.ActiveCfg = Debug|Any CPU
		{32004BCB-302A-402A-B05B-E95669DC2AB4}.Debug|Any CPU.Build.0 = Debug|Any CPU
		{32004BCB-302A-402A-B05B-E95669DC2AB4}.Release|Any CPU.ActiveCfg = Release|Any CPU
		{32004BCB-302A-402A-B05B-E95669DC2AB4}.Release|Any CPU.Build.0 = Release|Any CPU
	EndGlobalSection
	GlobalSection(SolutionProperties) = preSolution
		HideSolutionNode = FALSE
	EndGlobalSection
	GlobalSection(ExtensibilityGlobals) = postSolution
		SolutionGuid = {E4B45266-4968-4F99-988D-BE92C8F41456}
	EndGlobalSection
EndGlobal
